
Microsoft Visual Studio Solution File, Format Version 12.00
# Visual Studio 14
VisualStudioVersion = 14.0.25420.1
MinimumVisualStudioVersion = 10.0.40219.1
Project("{2150E333-8FDC-42A3-9474-1A3956D46DE8}") = "Solution Items", "Solution Items", "{F868299F-EF06-4073-88F7-DE0FBFD0C1AC}"
	ProjectSection(SolutionItems) = preProject
		global.json = global.json
		README.md = README.md
	EndProjectSection
EndProject
Project("{2150E333-8FDC-42A3-9474-1A3956D46DE8}") = "src", "src", "{796787F2-31AE-4182-A3D8-8B596C682FEC}"
EndProject
Project("{8BC9CEB8-8B4A-11D0-8D11-00A0C91BC942}") = "Lottery2017", "Lottery2017\Lottery2017.vcxproj", "{C0A91DBC-409D-45BD-984C-51F719B831FD}"
EndProject
Project("{8BC9CEB8-8B4A-11D0-8D11-00A0C91BC942}") = "RandomDemo", "RandomDemo\RandomDemo.vcxproj", "{DBC55E51-DBB3-45E4-B056-861C96539F6A}"
EndProject
Project("{FAE04EC0-301F-11D3-BF4B-00C04F79EFBC}") = "LotteryGen", "LotteryGen\LotteryGen.csproj", "{26E41260-58E2-462A-B1B6-A51989FE526D}"
EndProject
Project("{FAE04EC0-301F-11D3-BF4B-00C04F79EFBC}") = "Wall", "Wall\Wall.csproj", "{E381EE21-E924-4946-9A71-CE4BFE99D334}"
EndProject
Global
	GlobalSection(SolutionConfigurationPlatforms) = preSolution
		Debug|Any CPU = Debug|Any CPU
		Debug|x64 = Debug|x64
		Debug|x86 = Debug|x86
		Release|Any CPU = Release|Any CPU
		Release|x64 = Release|x64
		Release|x86 = Release|x86
	EndGlobalSection
	GlobalSection(ProjectConfigurationPlatforms) = postSolution
		{C0A91DBC-409D-45BD-984C-51F719B831FD}.Debug|Any CPU.ActiveCfg = Debug|Win32
		{C0A91DBC-409D-45BD-984C-51F719B831FD}.Debug|Any CPU.Build.0 = Debug|Win32
		{C0A91DBC-409D-45BD-984C-51F719B831FD}.Debug|x64.ActiveCfg = Debug|x64
		{C0A91DBC-409D-45BD-984C-51F719B831FD}.Debug|x64.Build.0 = Debug|x64
		{C0A91DBC-409D-45BD-984C-51F719B831FD}.Debug|x86.ActiveCfg = Debug|Win32
		{C0A91DBC-409D-45BD-984C-51F719B831FD}.Debug|x86.Build.0 = Debug|Win32
		{C0A91DBC-409D-45BD-984C-51F719B831FD}.Release|Any CPU.ActiveCfg = Release|Win32
		{C0A91DBC-409D-45BD-984C-51F719B831FD}.Release|Any CPU.Build.0 = Release|Win32
		{C0A91DBC-409D-45BD-984C-51F719B831FD}.Release|x64.ActiveCfg = Release|x64
		{C0A91DBC-409D-45BD-984C-51F719B831FD}.Release|x64.Build.0 = Release|x64
		{C0A91DBC-409D-45BD-984C-51F719B831FD}.Release|x86.ActiveCfg = Release|Win32
		{C0A91DBC-409D-45BD-984C-51F719B831FD}.Release|x86.Build.0 = Release|Win32
		{DBC55E51-DBB3-45E4-B056-861C96539F6A}.Debug|Any CPU.ActiveCfg = Debug|Win32
		{DBC55E51-DBB3-45E4-B056-861C96539F6A}.Debug|x64.ActiveCfg = Debug|x64
		{DBC55E51-DBB3-45E4-B056-861C96539F6A}.Debug|x64.Build.0 = Debug|x64
		{DBC55E51-DBB3-45E4-B056-861C96539F6A}.Debug|x86.ActiveCfg = Debug|Win32
		{DBC55E51-DBB3-45E4-B056-861C96539F6A}.Debug|x86.Build.0 = Debug|Win32
		{DBC55E51-DBB3-45E4-B056-861C96539F6A}.Release|Any CPU.ActiveCfg = Release|Win32
		{DBC55E51-DBB3-45E4-B056-861C96539F6A}.Release|x64.ActiveCfg = Release|x64
		{DBC55E51-DBB3-45E4-B056-861C96539F6A}.Release|x64.Build.0 = Release|x64
		{DBC55E51-DBB3-45E4-B056-861C96539F6A}.Release|x86.ActiveCfg = Release|Win32
		{DBC55E51-DBB3-45E4-B056-861C96539F6A}.Release|x86.Build.0 = Release|Win32
		{26E41260-58E2-462A-B1B6-A51989FE526D}.Debug|Any CPU.ActiveCfg = Debug|Any CPU
		{26E41260-58E2-462A-B1B6-A51989FE526D}.Debug|Any CPU.Build.0 = Debug|Any CPU
		{26E41260-58E2-462A-B1B6-A51989FE526D}.Debug|x64.ActiveCfg = Debug|Any CPU
		{26E41260-58E2-462A-B1B6-A51989FE526D}.Debug|x64.Build.0 = Debug|Any CPU
		{26E41260-58E2-462A-B1B6-A51989FE526D}.Debug|x86.ActiveCfg = Debug|Any CPU
		{26E41260-58E2-462A-B1B6-A51989FE526D}.Debug|x86.Build.0 = Debug|Any CPU
		{26E41260-58E2-462A-B1B6-A51989FE526D}.Release|Any CPU.ActiveCfg = Release|Any CPU
		{26E41260-58E2-462A-B1B6-A51989FE526D}.Release|Any CPU.Build.0 = Release|Any CPU
		{26E41260-58E2-462A-B1B6-A51989FE526D}.Release|x64.ActiveCfg = Release|Any CPU
		{26E41260-58E2-462A-B1B6-A51989FE526D}.Release|x64.Build.0 = Release|Any CPU
		{26E41260-58E2-462A-B1B6-A51989FE526D}.Release|x86.ActiveCfg = Release|Any CPU
		{26E41260-58E2-462A-B1B6-A51989FE526D}.Release|x86.Build.0 = Release|Any CPU
		{E381EE21-E924-4946-9A71-CE4BFE99D334}.Debug|Any CPU.ActiveCfg = Debug|Any CPU
		{E381EE21-E924-4946-9A71-CE4BFE99D334}.Debug|Any CPU.Build.0 = Debug|Any CPU
		{E381EE21-E924-4946-9A71-CE4BFE99D334}.Debug|x64.ActiveCfg = Debug|Any CPU
		{E381EE21-E924-4946-9A71-CE4BFE99D334}.Debug|x64.Build.0 = Debug|Any CPU
		{E381EE21-E924-4946-9A71-CE4BFE99D334}.Debug|x86.ActiveCfg = Debug|Any CPU
		{E381EE21-E924-4946-9A71-CE4BFE99D334}.Debug|x86.Build.0 = Debug|Any CPU
		{E381EE21-E924-4946-9A71-CE4BFE99D334}.Release|Any CPU.ActiveCfg = Release|Any CPU
		{E381EE21-E924-4946-9A71-CE4BFE99D334}.Release|Any CPU.Build.0 = Release|Any CPU
		{E381EE21-E924-4946-9A71-CE4BFE99D334}.Release|x64.ActiveCfg = Release|Any CPU
		{E381EE21-E924-4946-9A71-CE4BFE99D334}.Release|x64.Build.0 = Release|Any CPU
		{E381EE21-E924-4946-9A71-CE4BFE99D334}.Release|x86.ActiveCfg = Release|Any CPU
		{E381EE21-E924-4946-9A71-CE4BFE99D334}.Release|x86.Build.0 = Release|Any CPU
	EndGlobalSection
	GlobalSection(SolutionProperties) = preSolution
		HideSolutionNode = FALSE
	EndGlobalSection
	GlobalSection(NestedProjects) = preSolution
		{C0A91DBC-409D-45BD-984C-51F719B831FD} = {796787F2-31AE-4182-A3D8-8B596C682FEC}
		{DBC55E51-DBB3-45E4-B056-861C96539F6A} = {796787F2-31AE-4182-A3D8-8B596C682FEC}
		{26E41260-58E2-462A-B1B6-A51989FE526D} = {796787F2-31AE-4182-A3D8-8B596C682FEC}
		{E381EE21-E924-4946-9A71-CE4BFE99D334} = {796787F2-31AE-4182-A3D8-8B596C682FEC}
	EndGlobalSection
EndGlobal
