<?xml version="1.0" encoding="utf-8"?>
<Project ToolsVersion="4.0" xmlns="http://schemas.microsoft.com/developer/msbuild/2003">
  <ItemGroup>
    <ClCompile Include="App.cpp">
      <Filter>Sources</Filter>
    </ClCompile>
    <ClCompile Include="DxRes.cpp">
      <Filter>Sources</Filter>
    </ClCompile>
    <ClCompile Include="FlashImageScene.cpp">
      <Filter>Sources</Filter>
    </ClCompile>
    <ClCompile Include="Items.cpp">
      <Filter>Sources</Filter>
    </ClCompile>
    <ClCompile Include="MainWindow.cpp">
      <Filter>Sources</Filter>
    </ClCompile>
    <ClCompile Include="pch.cpp">
      <Filter>Sources</Filter>
    </ClCompile>
    <ClCompile Include="Person.cpp">
      <Filter>Sources</Filter>
    </ClCompile>
  </ItemGroup>
  <ItemGroup>
    <Filter Include="Resources">
      <UniqueIdentifier>{727f4308-bc66-4898-bc15-5f02e895b8e4}</UniqueIdentifier>
    </Filter>
    <Filter Include="Headers">
      <UniqueIdentifier>{6293bffe-b14a-45ff-a1ab-c730e7261f53}</UniqueIdentifier>
    </Filter>
    <Filter Include="Sources">
      <UniqueIdentifier>{5ea13ef9-c6bd-445d-abeb-b4d6626813c4}</UniqueIdentifier>
    </Filter>
    <Filter Include="dx">
      <UniqueIdentifier>{0fc17c6e-c746-4b0c-8c5e-1ea98dab8f78}</UniqueIdentifier>
    </Filter>
  </ItemGroup>
  <ItemGroup>
    <ClInclude Include="Resources\resource.h">
      <Filter>Resources</Filter>
    </ClInclude>
    <ClInclude Include="DxRes.h">
      <Filter>Headers</Filter>
    </ClInclude>
    <ClInclude Include="FlashImageScene.h">
      <Filter>Headers</Filter>
    </ClInclude>
    <ClInclude Include="Items.h">
      <Filter>Headers</Filter>
    </ClInclude>
    <ClInclude Include="MainWindow.h">
      <Filter>Headers</Filter>
    </ClInclude>
    <ClInclude Include="pch.h">
      <Filter>Headers</Filter>
    </ClInclude>
    <ClInclude Include="Person.h">
      <Filter>Headers</Filter>
    </ClInclude>
  </ItemGroup>
  <ItemGroup>
    <ResourceCompile Include="Resources\Resource.rc">
      <Filter>Resources</Filter>
    </ResourceCompile>
  </ItemGroup>
</Project>